// !$*UTF8*$!
{
	archiveVersion = 1;
	classes = {
	};
	objectVersion = 52;
	objects = {

/* Begin PBXBuildFile section */
		7C09E9FA2673E97B00CB15C9 /* AppDelegate.swift in Sources */ = {isa = PBXBuildFile; fileRef = 7C09E9F92673E97B00CB15C9 /* AppDelegate.swift */; };
		7C09E9FC2673E97B00CB15C9 /* ContentView.swift in Sources */ = {isa = PBXBuildFile; fileRef = 7C09E9FB2673E97B00CB15C9 /* ContentView.swift */; };
		7C09EA002673E97D00CB15C9 /* Assets.xcassets in Resources */ = {isa = PBXBuildFile; fileRef = 7C09E9FF2673E97D00CB15C9 /* Assets.xcassets */; };
		7C09EA032673E97D00CB15C9 /* Preview Assets.xcassets in Resources */ = {isa = PBXBuildFile; fileRef = 7C09EA022673E97D00CB15C9 /* Preview Assets.xcassets */; };
		7C09EA0E2673E97D00CB15C9 /* PickAndPlaceTests.swift in Sources */ = {isa = PBXBuildFile; fileRef = 7C09EA0D2673E97D00CB15C9 /* PickAndPlaceTests.swift */; };
		7C09EA192673E97D00CB15C9 /* PickAndPlaceUITests.swift in Sources */ = {isa = PBXBuildFile; fileRef = 7C09EA182673E97D00CB15C9 /* PickAndPlaceUITests.swift */; };
		7C09EA2E2673F12900CB15C9 /* toy_robot_vintage.usdz in Resources */ = {isa = PBXBuildFile; fileRef = 7C09EA272673F12900CB15C9 /* toy_robot_vintage.usdz */; };
		7C09EA2F2673F12900CB15C9 /* toy_biplane.usdz in Resources */ = {isa = PBXBuildFile; fileRef = 7C09EA282673F12900CB15C9 /* toy_biplane.usdz */; };
		7C09EA302673F12900CB15C9 /* chair_swan.usdz in Resources */ = {isa = PBXBuildFile; fileRef = 7C09EA292673F12900CB15C9 /* chair_swan.usdz */; };
		7C09EA332673F12900CB15C9 /* fender_stratocaster.usdz in Resources */ = {isa = PBXBuildFile; fileRef = 7C09EA2C2673F12900CB15C9 /* fender_stratocaster.usdz */; };
		7C729E7526753C16009BEFA2 /* Model.swift in Sources */ = {isa = PBXBuildFile; fileRef = 7C729E7426753C16009BEFA2 /* Model.swift */; };
		7C729E7826754358009BEFA2 /* FocusEntity in Frameworks */ = {isa = PBXBuildFile; productRef = 7C729E7726754358009BEFA2 /* FocusEntity */; };
/* End PBXBuildFile section */

/* Begin PBXContainerItemProxy section */
		7C09EA0A2673E97D00CB15C9 /* PBXContainerItemProxy */ = {
			isa = PBXContainerItemProxy;
			containerPortal = 7C09E9EE2673E97B00CB15C9 /* Project object */;
			proxyType = 1;
			remoteGlobalIDString = 7C09E9F52673E97B00CB15C9;
			remoteInfo = PickAndPlace;
		};
		7C09EA152673E97D00CB15C9 /* PBXContainerItemProxy */ = {
			isa = PBXContainerItemProxy;
			containerPortal = 7C09E9EE2673E97B00CB15C9 /* Project object */;
			proxyType = 1;
			remoteGlobalIDString = 7C09E9F52673E97B00CB15C9;
			remoteInfo = PickAndPlace;
		};
/* End PBXContainerItemProxy section */

/* Begin PBXFileReference section */
		7C09E9F62673E97B00CB15C9 /* PickAndPlace.app */ = {isa = PBXFileReference; explicitFileType = wrapper.application; includeInIndex = 0; path = PickAndPlace.app; sourceTree = BUILT_PRODUCTS_DIR; };
		7C09E9F92673E97B00CB15C9 /* AppDelegate.swift */ = {isa = PBXFileReference; lastKnownFileType = sourcecode.swift; path = AppDelegate.swift; sourceTree = "<group>"; };
		7C09E9FB2673E97B00CB15C9 /* ContentView.swift */ = {isa = PBXFileReference; lastKnownFileType = sourcecode.swift; path = ContentView.swift; sourceTree = "<group>"; };
		7C09E9FF2673E97D00CB15C9 /* Assets.xcassets */ = {isa = PBXFileReference; lastKnownFileType = folder.assetcatalog; path = Assets.xcassets; sourceTree = "<group>"; };
		7C09EA022673E97D00CB15C9 /* Preview Assets.xcassets */ = {isa = PBXFileReference; lastKnownFileType = folder.assetcatalog; path = "Preview Assets.xcassets"; sourceTree = "<group>"; };
		7C09EA042673E97D00CB15C9 /* Info.plist */ = {isa = PBXFileReference; lastKnownFileType = text.plist.xml; path = Info.plist; sourceTree = "<group>"; };
		7C09EA092673E97D00CB15C9 /* PickAndPlaceTests.xctest */ = {isa = PBXFileReference; explicitFileType = wrapper.cfbundle; includeInIndex = 0; path = PickAndPlaceTests.xctest; sourceTree = BUILT_PRODUCTS_DIR; };
		7C09EA0D2673E97D00CB15C9 /* PickAndPlaceTests.swift */ = {isa = PBXFileReference; lastKnownFileType = sourcecode.swift; path = PickAndPlaceTests.swift; sourceTree = "<group>"; };
		7C09EA0F2673E97D00CB15C9 /* Info.plist */ = {isa = PBXFileReference; lastKnownFileType = text.plist.xml; path = Info.plist; sourceTree = "<group>"; };
		7C09EA142673E97D00CB15C9 /* PickAndPlaceUITests.xctest */ = {isa = PBXFileReference; explicitFileType = wrapper.cfbundle; includeInIndex = 0; path = PickAndPlaceUITests.xctest; sourceTree = BUILT_PRODUCTS_DIR; };
		7C09EA182673E97D00CB15C9 /* PickAndPlaceUITests.swift */ = {isa = PBXFileReference; lastKnownFileType = sourcecode.swift; path = PickAndPlaceUITests.swift; sourceTree = "<group>"; };
		7C09EA1A2673E97D00CB15C9 /* Info.plist */ = {isa = PBXFileReference; lastKnownFileType = text.plist.xml; path = Info.plist; sourceTree = "<group>"; };
		7C09EA272673F12900CB15C9 /* toy_robot_vintage.usdz */ = {isa = PBXFileReference; lastKnownFileType = file.usdz; path = toy_robot_vintage.usdz; sourceTree = "<group>"; };
		7C09EA282673F12900CB15C9 /* toy_biplane.usdz */ = {isa = PBXFileReference; lastKnownFileType = file.usdz; path = toy_biplane.usdz; sourceTree = "<group>"; };
		7C09EA292673F12900CB15C9 /* chair_swan.usdz */ = {isa = PBXFileReference; lastKnownFileType = file.usdz; path = chair_swan.usdz; sourceTree = "<group>"; };
		7C09EA2C2673F12900CB15C9 /* fender_stratocaster.usdz */ = {isa = PBXFileReference; lastKnownFileType = file.usdz; path = fender_stratocaster.usdz; sourceTree = "<group>"; };
		7C729E7426753C16009BEFA2 /* Model.swift */ = {isa = PBXFileReference; lastKnownFileType = sourcecode.swift; path = Model.swift; sourceTree = "<group>"; };
/* End PBXFileReference section */

/* Begin PBXFrameworksBuildPhase section */
		7C09E9F32673E97B00CB15C9 /* Frameworks */ = {
			isa = PBXFrameworksBuildPhase;
			buildActionMask = 2147483647;
			files = (
				7C729E7826754358009BEFA2 /* FocusEntity in Frameworks */,
			);
			runOnlyForDeploymentPostprocessing = 0;
		};
		7C09EA062673E97D00CB15C9 /* Frameworks */ = {
			isa = PBXFrameworksBuildPhase;
			buildActionMask = 2147483647;
			files = (
			);
			runOnlyForDeploymentPostprocessing = 0;
		};
		7C09EA112673E97D00CB15C9 /* Frameworks */ = {
			isa = PBXFrameworksBuildPhase;
			buildActionMask = 2147483647;
			files = (
			);
			runOnlyForDeploymentPostprocessing = 0;
		};
/* End PBXFrameworksBuildPhase section */

/* Begin PBXGroup section */
		7C09E9ED2673E97B00CB15C9 = {
			isa = PBXGroup;
			children = (
				7C09E9F82673E97B00CB15C9 /* PickAndPlace */,
				7C09EA0C2673E97D00CB15C9 /* PickAndPlaceTests */,
				7C09EA172673E97D00CB15C9 /* PickAndPlaceUITests */,
				7C09E9F72673E97B00CB15C9 /* Products */,
			);
			sourceTree = "<group>";
		};
		7C09E9F72673E97B00CB15C9 /* Products */ = {
			isa = PBXGroup;
			children = (
				7C09E9F62673E97B00CB15C9 /* PickAndPlace.app */,
				7C09EA092673E97D00CB15C9 /* PickAndPlaceTests.xctest */,
				7C09EA142673E97D00CB15C9 /* PickAndPlaceUITests.xctest */,
			);
			name = Products;
			sourceTree = "<group>";
		};
		7C09E9F82673E97B00CB15C9 /* PickAndPlace */ = {
			isa = PBXGroup;
			children = (
				7C09EA262673F08F00CB15C9 /* Models */,
				7C09E9F92673E97B00CB15C9 /* AppDelegate.swift */,
				7C09E9FB2673E97B00CB15C9 /* ContentView.swift */,
				7C729E7426753C16009BEFA2 /* Model.swift */,
				7C09E9FF2673E97D00CB15C9 /* Assets.xcassets */,
				7C09EA042673E97D00CB15C9 /* Info.plist */,
				7C09EA012673E97D00CB15C9 /* Preview Content */,
			);
			path = PickAndPlace;
			sourceTree = "<group>";
		};
		7C09EA012673E97D00CB15C9 /* Preview Content */ = {
			isa = PBXGroup;
			children = (
				7C09EA022673E97D00CB15C9 /* Preview Assets.xcassets */,
			);
			path = "Preview Content";
			sourceTree = "<group>";
		};
		7C09EA0C2673E97D00CB15C9 /* PickAndPlaceTests */ = {
			isa = PBXGroup;
			children = (
				7C09EA0D2673E97D00CB15C9 /* PickAndPlaceTests.swift */,
				7C09EA0F2673E97D00CB15C9 /* Info.plist */,
			);
			path = PickAndPlaceTests;
			sourceTree = "<group>";
		};
		7C09EA172673E97D00CB15C9 /* PickAndPlaceUITests */ = {
			isa = PBXGroup;
			children = (
				7C09EA182673E97D00CB15C9 /* PickAndPlaceUITests.swift */,
				7C09EA1A2673E97D00CB15C9 /* Info.plist */,
			);
			path = PickAndPlaceUITests;
			sourceTree = "<group>";
		};
		7C09EA262673F08F00CB15C9 /* Models */ = {
			isa = PBXGroup;
			children = (
				7C09EA292673F12900CB15C9 /* chair_swan.usdz */,
				7C09EA2C2673F12900CB15C9 /* fender_stratocaster.usdz */,
				7C09EA282673F12900CB15C9 /* toy_biplane.usdz */,
				7C09EA272673F12900CB15C9 /* toy_robot_vintage.usdz */,
			);
			path = Models;
			sourceTree = "<group>";
		};
/* End PBXGroup section */

/* Begin PBXNativeTarget section */
		7C09E9F52673E97B00CB15C9 /* PickAndPlace */ = {
			isa = PBXNativeTarget;
			buildConfigurationList = 7C09EA1D2673E97D00CB15C9 /* Build configuration list for PBXNativeTarget "PickAndPlace" */;
			buildPhases = (
				7C09E9F22673E97B00CB15C9 /* Sources */,
				7C09E9F32673E97B00CB15C9 /* Frameworks */,
				7C09E9F42673E97B00CB15C9 /* Resources */,
			);
			buildRules = (
			);
			dependencies = (
			);
			name = PickAndPlace;
			packageProductDependencies = (
				7C729E7726754358009BEFA2 /* FocusEntity */,
			);
			productName = PickAndPlace;
			productReference = 7C09E9F62673E97B00CB15C9 /* PickAndPlace.app */;
			productType = "com.apple.product-type.application";
		};
		7C09EA082673E97D00CB15C9 /* PickAndPlaceTests */ = {
			isa = PBXNativeTarget;
			buildConfigurationList = 7C09EA202673E97D00CB15C9 /* Build configuration list for PBXNativeTarget "PickAndPlaceTests" */;
			buildPhases = (
				7C09EA052673E97D00CB15C9 /* Sources */,
				7C09EA062673E97D00CB15C9 /* Frameworks */,
				7C09EA072673E97D00CB15C9 /* Resources */,
			);
			buildRules = (
			);
			dependencies = (
				7C09EA0B2673E97D00CB15C9 /* PBXTargetDependency */,
			);
			name = PickAndPlaceTests;
			productName = PickAndPlaceTests;
			productReference = 7C09EA092673E97D00CB15C9 /* PickAndPlaceTests.xctest */;
			productType = "com.apple.product-type.bundle.unit-test";
		};
		7C09EA132673E97D00CB15C9 /* PickAndPlaceUITests */ = {
			isa = PBXNativeTarget;
			buildConfigurationList = 7C09EA232673E97D00CB15C9 /* Build configuration list for PBXNativeTarget "PickAndPlaceUITests" */;
			buildPhases = (
				7C09EA102673E97D00CB15C9 /* Sources */,
				7C09EA112673E97D00CB15C9 /* Frameworks */,
				7C09EA122673E97D00CB15C9 /* Resources */,
			);
			buildRules = (
			);
			dependencies = (
				7C09EA162673E97D00CB15C9 /* PBXTargetDependency */,
			);
			name = PickAndPlaceUITests;
			productName = PickAndPlaceUITests;
			productReference = 7C09EA142673E97D00CB15C9 /* PickAndPlaceUITests.xctest */;
			productType = "com.apple.product-type.bundle.ui-testing";
		};
/* End PBXNativeTarget section */

/* Begin PBXProject section */
		7C09E9EE2673E97B00CB15C9 /* Project object */ = {
			isa = PBXProject;
			attributes = {
				LastSwiftUpdateCheck = 1250;
				LastUpgradeCheck = 1250;
				TargetAttributes = {
					7C09E9F52673E97B00CB15C9 = {
						CreatedOnToolsVersion = 12.5;
					};
					7C09EA082673E97D00CB15C9 = {
						CreatedOnToolsVersion = 12.5;
						TestTargetID = 7C09E9F52673E97B00CB15C9;
					};
					7C09EA132673E97D00CB15C9 = {
						CreatedOnToolsVersion = 12.5;
						TestTargetID = 7C09E9F52673E97B00CB15C9;
					};
				};
			};
			buildConfigurationList = 7C09E9F12673E97B00CB15C9 /* Build configuration list for PBXProject "PickAndPlace" */;
			compatibilityVersion = "Xcode 9.3";
			developmentRegion = en;
			hasScannedForEncodings = 0;
			knownRegions = (
				en,
				Base,
			);
			mainGroup = 7C09E9ED2673E97B00CB15C9;
			packageReferences = (
				7C729E7626754358009BEFA2 /* XCRemoteSwiftPackageReference "FocusEntity" */,
			);
			productRefGroup = 7C09E9F72673E97B00CB15C9 /* Products */;
			projectDirPath = "";
			projectRoot = "";
			targets = (
				7C09E9F52673E97B00CB15C9 /* PickAndPlace */,
				7C09EA082673E97D00CB15C9 /* PickAndPlaceTests */,
				7C09EA132673E97D00CB15C9 /* PickAndPlaceUITests */,
			);
		};
/* End PBXProject section */

/* Begin PBXResourcesBuildPhase section */
		7C09E9F42673E97B00CB15C9 /* Resources */ = {
			isa = PBXResourcesBuildPhase;
			buildActionMask = 2147483647;
			files = (
				7C09EA032673E97D00CB15C9 /* Preview Assets.xcassets in Resources */,
				7C09EA002673E97D00CB15C9 /* Assets.xcassets in Resources */,
				7C09EA2F2673F12900CB15C9 /* toy_biplane.usdz in Resources */,
				7C09EA302673F12900CB15C9 /* chair_swan.usdz in Resources */,
				7C09EA332673F12900CB15C9 /* fender_stratocaster.usdz in Resources */,
				7C09EA2E2673F12900CB15C9 /* toy_robot_vintage.usdz in Resources */,
			);
			runOnlyForDeploymentPostprocessing = 0;
		};
		7C09EA072673E97D00CB15C9 /* Resources */ = {
			isa = PBXResourcesBuildPhase;
			buildActionMask = 2147483647;
			files = (
			);
			runOnlyForDeploymentPostprocessing = 0;
		};
		7C09EA122673E97D00CB15C9 /* Resources */ = {
			isa = PBXResourcesBuildPhase;
			buildActionMask = 2147483647;
			files = (
			);
			runOnlyForDeploymentPostprocessing = 0;
		};
/* End PBXResourcesBuildPhase section */

/* Begin PBXSourcesBuildPhase section */
		7C09E9F22673E97B00CB15C9 /* Sources */ = {
			isa = PBXSourcesBuildPhase;
			buildActionMask = 2147483647;
			files = (
				7C729E7526753C16009BEFA2 /* Model.swift in Sources */,
				7C09E9FC2673E97B00CB15C9 /* ContentView.swift in Sources */,
				7C09E9FA2673E97B00CB15C9 /* AppDelegate.swift in Sources */,
			);
			runOnlyForDeploymentPostprocessing = 0;
		};
		7C09EA052673E97D00CB15C9 /* Sources */ = {
			isa = PBXSourcesBuildPhase;
			buildActionMask = 2147483647;
			files = (
				7C09EA0E2673E97D00CB15C9 /* PickAndPlaceTests.swift in Sources */,
			);
			runOnlyForDeploymentPostprocessing = 0;
		};
		7C09EA102673E97D00CB15C9 /* Sources */ = {
			isa = PBXSourcesBuildPhase;
			buildActionMask = 2147483647;
			files = (
				7C09EA192673E97D00CB15C9 /* PickAndPlaceUITests.swift in Sources */,
			);
			runOnlyForDeploymentPostprocessing = 0;
		};
/* End PBXSourcesBuildPhase section */

/* Begin PBXTargetDependency section */
		7C09EA0B2673E97D00CB15C9 /* PBXTargetDependency */ = {
			isa = PBXTargetDependency;
			target = 7C09E9F52673E97B00CB15C9 /* PickAndPlace */;
			targetProxy = 7C09EA0A2673E97D00CB15C9 /* PBXContainerItemProxy */;
		};
		7C09EA162673E97D00CB15C9 /* PBXTargetDependency */ = {
			isa = PBXTargetDependency;
			target = 7C09E9F52673E97B00CB15C9 /* PickAndPlace */;
			targetProxy = 7C09EA152673E97D00CB15C9 /* PBXContainerItemProxy */;
		};
/* End PBXTargetDependency section */

/* Begin XCBuildConfiguration section */
		7C09EA1B2673E97D00CB15C9 /* Debug */ = {
			isa = XCBuildConfiguration;
			buildSettings = {
				ALWAYS_SEARCH_USER_PATHS = NO;
				CLANG_ANALYZER_NONNULL = YES;
				CLANG_ANALYZER_NUMBER_OBJECT_CONVERSION = YES_AGGRESSIVE;
				CLANG_CXX_LANGUAGE_STANDARD = "gnu++14";
				CLANG_CXX_LIBRARY = "libc++";
				CLANG_ENABLE_MODULES = YES;
				CLANG_ENABLE_OBJC_ARC = YES;
				CLANG_ENABLE_OBJC_WEAK = YES;
				CLANG_WARN_BLOCK_CAPTURE_AUTORELEASING = YES;
				CLANG_WARN_BOOL_CONVERSION = YES;
				CLANG_WARN_COMMA = YES;
				CLANG_WARN_CONSTANT_CONVERSION = YES;
				CLANG_WARN_DEPRECATED_OBJC_IMPLEMENTATIONS = YES;
				CLANG_WARN_DIRECT_OBJC_ISA_USAGE = YES_ERROR;
				CLANG_WARN_DOCUMENTATION_COMMENTS = YES;
				CLANG_WARN_EMPTY_BODY = YES;
				CLANG_WARN_ENUM_CONVERSION = YES;
				CLANG_WARN_INFINITE_RECURSION = YES;
				CLANG_WARN_INT_CONVERSION = YES;
				CLANG_WARN_NON_LITERAL_NULL_CONVERSION = YES;
				CLANG_WARN_OBJC_IMPLICIT_RETAIN_SELF = YES;
				CLANG_WARN_OBJC_LITERAL_CONVERSION = YES;
				CLANG_WARN_OBJC_ROOT_CLASS = YES_ERROR;
				CLANG_WARN_QUOTED_INCLUDE_IN_FRAMEWORK_HEADER = YES;
				CLANG_WARN_RANGE_LOOP_ANALYSIS = YES;
				CLANG_WARN_STRICT_PROTOTYPES = YES;
				CLANG_WARN_SUSPICIOUS_MOVE = YES;
				CLANG_WARN_UNGUARDED_AVAILABILITY = YES_AGGRESSIVE;
				CLANG_WARN_UNREACHABLE_CODE = YES;
				CLANG_WARN__DUPLICATE_METHOD_MATCH = YES;
				COPY_PHASE_STRIP = NO;
				DEBUG_INFORMATION_FORMAT = dwarf;
				ENABLE_STRICT_OBJC_MSGSEND = YES;
				ENABLE_TESTABILITY = YES;
				GCC_C_LANGUAGE_STANDARD = gnu11;
				GCC_DYNAMIC_NO_PIC = NO;
				GCC_NO_COMMON_BLOCKS = YES;
				GCC_OPTIMIZATION_LEVEL = 0;
				GCC_PREPROCESSOR_DEFINITIONS = (
					"DEBUG=1",
					"$(inherited)",
				);
				GCC_WARN_64_TO_32_BIT_CONVERSION = YES;
				GCC_WARN_ABOUT_RETURN_TYPE = YES_ERROR;
				GCC_WARN_UNDECLARED_SELECTOR = YES;
				GCC_WARN_UNINITIALIZED_AUTOS = YES_AGGRESSIVE;
				GCC_WARN_UNUSED_FUNCTION = YES;
				GCC_WARN_UNUSED_VARIABLE = YES;
				IPHONEOS_DEPLOYMENT_TARGET = 14.5;
				MTL_ENABLE_DEBUG_INFO = INCLUDE_SOURCE;
				MTL_FAST_MATH = YES;
				ONLY_ACTIVE_ARCH = YES;
				SDKROOT = iphoneos;
				SWIFT_ACTIVE_COMPILATION_CONDITIONS = DEBUG;
				SWIFT_OPTIMIZATION_LEVEL = "-Onone";
			};
			name = Debug;
		};
		7C09EA1C2673E97D00CB15C9 /* Release */ = {
			isa = XCBuildConfiguration;
			buildSettings = {
				ALWAYS_SEARCH_USER_PATHS = NO;
				CLANG_ANALYZER_NONNULL = YES;
				CLANG_ANALYZER_NUMBER_OBJECT_CONVERSION = YES_AGGRESSIVE;
				CLANG_CXX_LANGUAGE_STANDARD = "gnu++14";
				CLANG_CXX_LIBRARY = "libc++";
				CLANG_ENABLE_MODULES = YES;
				CLANG_ENABLE_OBJC_ARC = YES;
				CLANG_ENABLE_OBJC_WEAK = YES;
				CLANG_WARN_BLOCK_CAPTURE_AUTORELEASING = YES;
				CLANG_WARN_BOOL_CONVERSION = YES;
				CLANG_WARN_COMMA = YES;
				CLANG_WARN_CONSTANT_CONVERSION = YES;
				CLANG_WARN_DEPRECATED_OBJC_IMPLEMENTATIONS = YES;
				CLANG_WARN_DIRECT_OBJC_ISA_USAGE = YES_ERROR;
				CLANG_WARN_DOCUMENTATION_COMMENTS = YES;
				CLANG_WARN_EMPTY_BODY = YES;
				CLANG_WARN_ENUM_CONVERSION = YES;
				CLANG_WARN_INFINITE_RECURSION = YES;
				CLANG_WARN_INT_CONVERSION = YES;
				CLANG_WARN_NON_LITERAL_NULL_CONVERSION = YES;
				CLANG_WARN_OBJC_IMPLICIT_RETAIN_SELF = YES;
				CLANG_WARN_OBJC_LITERAL_CONVERSION = YES;
				CLANG_WARN_OBJC_ROOT_CLASS = YES_ERROR;
				CLANG_WARN_QUOTED_INCLUDE_IN_FRAMEWORK_HEADER = YES;
				CLANG_WARN_RANGE_LOOP_ANALYSIS = YES;
				CLANG_WARN_STRICT_PROTOTYPES = YES;
				CLANG_WARN_SUSPICIOUS_MOVE = YES;
				CLANG_WARN_UNGUARDED_AVAILABILITY = YES_AGGRESSIVE;
				CLANG_WARN_UNREACHABLE_CODE = YES;
				CLANG_WARN__DUPLICATE_METHOD_MATCH = YES;
				COPY_PHASE_STRIP = NO;
				DEBUG_INFORMATION_FORMAT = "dwarf-with-dsym";
				ENABLE_NS_ASSERTIONS = NO;
				ENABLE_STRICT_OBJC_MSGSEND = YES;
				GCC_C_LANGUAGE_STANDARD = gnu11;
				GCC_NO_COMMON_BLOCKS = YES;
				GCC_WARN_64_TO_32_BIT_CONVERSION = YES;
				GCC_WARN_ABOUT_RETURN_TYPE = YES_ERROR;
				GCC_WARN_UNDECLARED_SELECTOR = YES;
				GCC_WARN_UNINITIALIZED_AUTOS = YES_AGGRESSIVE;
				GCC_WARN_UNUSED_FUNCTION = YES;
				GCC_WARN_UNUSED_VARIABLE = YES;
				IPHONEOS_DEPLOYMENT_TARGET = 14.5;
				MTL_ENABLE_DEBUG_INFO = NO;
				MTL_FAST_MATH = YES;
				SDKROOT = iphoneos;
				SWIFT_COMPILATION_MODE = wholemodule;
				SWIFT_OPTIMIZATION_LEVEL = "-O";
				VALIDATE_PRODUCT = YES;
			};
			name = Release;
		};
		7C09EA1E2673E97D00CB15C9 /* Debug */ = {
			isa = XCBuildConfiguration;
			buildSettings = {
				ASSETCATALOG_COMPILER_APPICON_NAME = AppIcon;
				ASSETCATALOG_COMPILER_GLOBAL_ACCENT_COLOR_NAME = AccentColor;
				CODE_SIGN_STYLE = Automatic;
				DEVELOPMENT_ASSET_PATHS = "\"PickAndPlace/Preview Content\"";
				DEVELOPMENT_TEAM = C3W3SL2TA2;
				ENABLE_PREVIEWS = YES;
				INFOPLIST_FILE = PickAndPlace/Info.plist;
				LD_RUNPATH_SEARCH_PATHS = (
					"$(inherited)",
					"@executable_path/Frameworks",
				);
				PRODUCT_BUNDLE_IDENTIFIER = io.github.aryasoni98.PickAndPlace;
				PRODUCT_NAME = "$(TARGET_NAME)";
				SWIFT_VERSION = 5.0;
				TARGETED_DEVICE_FAMILY = "1,2";
			};
			name = Debug;
		};
		7C09EA1F2673E97D00CB15C9 /* Release */ = {
			isa = XCBuildConfiguration;
			buildSettings = {
				ASSETCATALOG_COMPILER_APPICON_NAME = AppIcon;
				ASSETCATALOG_COMPILER_GLOBAL_ACCENT_COLOR_NAME = AccentColor;
				CODE_SIGN_STYLE = Automatic;
				DEVELOPMENT_ASSET_PATHS = "\"PickAndPlace/Preview Content\"";
				DEVELOPMENT_TEAM = C3W3SL2TA2;
				ENABLE_PREVIEWS = YES;
				INFOPLIST_FILE = PickAndPlace/Info.plist;
				LD_RUNPATH_SEARCH_PATHS = (
					"$(inherited)",
					"@executable_path/Frameworks",
				);
				PRODUCT_BUNDLE_IDENTIFIER = io.github.aryasoni98.PickAndPlace;
				PRODUCT_NAME = "$(TARGET_NAME)";
				SWIFT_VERSION = 5.0;
				TARGETED_DEVICE_FAMILY = "1,2";
			};
			name = Release;
		};
		7C09EA212673E97D00CB15C9 /* Debug */ = {
			isa = XCBuildConfiguration;
			buildSettings = {
				ALWAYS_EMBED_SWIFT_STANDARD_LIBRARIES = YES;
				BUNDLE_LOADER = "$(TEST_HOST)";
				CODE_SIGN_STYLE = Automatic;
				DEVELOPMENT_TEAM = C3W3SL2TA2;
				INFOPLIST_FILE = PickAndPlaceTests/Info.plist;
				IPHONEOS_DEPLOYMENT_TARGET = 14.5;
				LD_RUNPATH_SEARCH_PATHS = (
					"$(inherited)",
					"@executable_path/Frameworks",
					"@loader_path/Frameworks",
				);
				PRODUCT_BUNDLE_IDENTIFIER = io.github.aryasoni98.PickAndPlaceTests;
				PRODUCT_NAME = "$(TARGET_NAME)";
				SWIFT_VERSION = 5.0;
				TARGETED_DEVICE_FAMILY = "1,2";
				TEST_HOST = "$(BUILT_PRODUCTS_DIR)/PickAndPlace.app/PickAndPlace";
			};
			name = Debug;
		};
		7C09EA222673E97D00CB15C9 /* Release */ = {
			isa = XCBuildConfiguration;
			buildSettings = {
				ALWAYS_EMBED_SWIFT_STANDARD_LIBRARIES = YES;
				BUNDLE_LOADER = "$(TEST_HOST)";
				CODE_SIGN_STYLE = Automatic;
				DEVELOPMENT_TEAM = C3W3SL2TA2;
				INFOPLIST_FILE = PickAndPlaceTests/Info.plist;
				IPHONEOS_DEPLOYMENT_TARGET = 14.5;
				LD_RUNPATH_SEARCH_PATHS = (
					"$(inherited)",
					"@executable_path/Frameworks",
					"@loader_path/Frameworks",
				);
				PRODUCT_BUNDLE_IDENTIFIER = io.github.aryasoni98.PickAndPlaceTests;
				PRODUCT_NAME = "$(TARGET_NAME)";
				SWIFT_VERSION = 5.0;
				TARGETED_DEVICE_FAMILY = "1,2";
				TEST_HOST = "$(BUILT_PRODUCTS_DIR)/PickAndPlace.app/PickAndPlace";
			};
			name = Release;
		};
		7C09EA242673E97D00CB15C9 /* Debug */ = {
			isa = XCBuildConfiguration;
			buildSettings = {
				ALWAYS_EMBED_SWIFT_STANDARD_LIBRARIES = YES;
				CODE_SIGN_STYLE = Automatic;
				DEVELOPMENT_TEAM = C3W3SL2TA2;
				INFOPLIST_FILE = PickAndPlaceUITests/Info.plist;
				LD_RUNPATH_SEARCH_PATHS = (
					"$(inherited)",
					"@executable_path/Frameworks",
					"@loader_path/Frameworks",
				);
				PRODUCT_BUNDLE_IDENTIFIER = io.github.aryasoni98.PickAndPlaceUITests;
				PRODUCT_NAME = "$(TARGET_NAME)";
				SWIFT_VERSION = 5.0;
				TARGETED_DEVICE_FAMILY = "1,2";
				TEST_TARGET_NAME = PickAndPlace;
			};
			name = Debug;
		};
		7C09EA252673E97D00CB15C9 /* Release */ = {
			isa = XCBuildConfiguration;
			buildSettings = {
				ALWAYS_EMBED_SWIFT_STANDARD_LIBRARIES = YES;
				CODE_SIGN_STYLE = Automatic;
				DEVELOPMENT_TEAM = C3W3SL2TA2;
				INFOPLIST_FILE = PickAndPlaceUITests/Info.plist;
				LD_RUNPATH_SEARCH_PATHS = (
					"$(inherited)",
					"@executable_path/Frameworks",
					"@loader_path/Frameworks",
				);
				PRODUCT_BUNDLE_IDENTIFIER = io.github.aryasoni98.PickAndPlaceUITests;
				PRODUCT_NAME = "$(TARGET_NAME)";
				SWIFT_VERSION = 5.0;
				TARGETED_DEVICE_FAMILY = "1,2";
				TEST_TARGET_NAME = PickAndPlace;
			};
			name = Release;
		};
/* End XCBuildConfiguration section */

/* Begin XCConfigurationList section */
		7C09E9F12673E97B00CB15C9 /* Build configuration list for PBXProject "PickAndPlace" */ = {
			isa = XCConfigurationList;
			buildConfigurations = (
				7C09EA1B2673E97D00CB15C9 /* Debug */,
				7C09EA1C2673E97D00CB15C9 /* Release */,
			);
			defaultConfigurationIsVisible = 0;
			defaultConfigurationName = Release;
		};
		7C09EA1D2673E97D00CB15C9 /* Build configuration list for PBXNativeTarget "PickAndPlace" */ = {
			isa = XCConfigurationList;
			buildConfigurations = (
				7C09EA1E2673E97D00CB15C9 /* Debug */,
				7C09EA1F2673E97D00CB15C9 /* Release */,
			);
			defaultConfigurationIsVisible = 0;
			defaultConfigurationName = Release;
		};
		7C09EA202673E97D00CB15C9 /* Build configuration list for PBXNativeTarget "PickAndPlaceTests" */ = {
			isa = XCConfigurationList;
			buildConfigurations = (
				7C09EA212673E97D00CB15C9 /* Debug */,
				7C09EA222673E97D00CB15C9 /* Release */,
			);
			defaultConfigurationIsVisible = 0;
			defaultConfigurationName = Release;
		};
		7C09EA232673E97D00CB15C9 /* Build configuration list for PBXNativeTarget "PickAndPlaceUITests" */ = {
			isa = XCConfigurationList;
			buildConfigurations = (
				7C09EA242673E97D00CB15C9 /* Debug */,
				7C09EA252673E97D00CB15C9 /* Release */,
			);
			defaultConfigurationIsVisible = 0;
			defaultConfigurationName = Release;
		};
/* End XCConfigurationList section */

/* Begin XCRemoteSwiftPackageReference section */
		7C729E7626754358009BEFA2 /* XCRemoteSwiftPackageReference "FocusEntity" */ = {
			isa = XCRemoteSwiftPackageReference;
			repositoryURL = "https://github.com/maxxfrazer/FocusEntity";
			requirement = {
				kind = upToNextMajorVersion;
				minimumVersion = 2.2.3;
			};
		};
/* End XCRemoteSwiftPackageReference section */

/* Begin XCSwiftPackageProductDependency section */
		7C729E7726754358009BEFA2 /* FocusEntity */ = {
			isa = XCSwiftPackageProductDependency;
			package = 7C729E7626754358009BEFA2 /* XCRemoteSwiftPackageReference "FocusEntity" */;
			productName = FocusEntity;
		};
/* End XCSwiftPackageProductDependency section */
	};
	rootObject = 7C09E9EE2673E97B00CB15C9 /* Project object */;
}
